// !$*UTF8*$!
{
	archiveVersion = 1;
	classes = {
	};
	objectVersion = 56;
	objects = {

/* Begin PBXBuildFile section */
		708F42F929015766000AAB59 /* WeatherApp.swift in Sources */ = {isa = PBXBuildFile; fileRef = 708F42F829015766000AAB59 /* WeatherApp.swift */; };
		708F42FB29015766000AAB59 /* ContentView.swift in Sources */ = {isa = PBXBuildFile; fileRef = 708F42FA29015766000AAB59 /* ContentView.swift */; };
		708F42FD29015767000AAB59 /* Assets.xcassets in Resources */ = {isa = PBXBuildFile; fileRef = 708F42FC29015767000AAB59 /* Assets.xcassets */; };
		708F430029015767000AAB59 /* Preview Assets.xcassets in Resources */ = {isa = PBXBuildFile; fileRef = 708F42FF29015767000AAB59 /* Preview Assets.xcassets */; };
		708F430E290163D5000AAB59 /* Extensions.swift in Sources */ = {isa = PBXBuildFile; fileRef = 708F430D290163D5000AAB59 /* Extensions.swift */; };
		708F431029016494000AAB59 /* HomeView.swift in Sources */ = {isa = PBXBuildFile; fileRef = 708F430F29016494000AAB59 /* HomeView.swift */; };
		708F431229017C75000AAB59 /* TabBar.swift in Sources */ = {isa = PBXBuildFile; fileRef = 708F431129017C75000AAB59 /* TabBar.swift */; };
		708F4314290183ED000AAB59 /* Shapes.swift in Sources */ = {isa = PBXBuildFile; fileRef = 708F4313290183ED000AAB59 /* Shapes.swift */; };
		708F431729018B3E000AAB59 /* BottomSheet in Frameworks */ = {isa = PBXBuildFile; productRef = 708F431629018B3E000AAB59 /* BottomSheet */; };
		708F431B29019533000AAB59 /* ForecastView.swift in Sources */ = {isa = PBXBuildFile; fileRef = 708F431A29019533000AAB59 /* ForecastView.swift */; };
		708F431D29019A0C000AAB59 /* Blur.swift in Sources */ = {isa = PBXBuildFile; fileRef = 708F431C29019A0C000AAB59 /* Blur.swift */; };
		708F432029019ECF000AAB59 /* BackgroundBlur.swift in Sources */ = {isa = PBXBuildFile; fileRef = 708F431F29019ECF000AAB59 /* BackgroundBlur.swift */; };
		708F43222901B45E000AAB59 /* InnerShadowModifier.swift in Sources */ = {isa = PBXBuildFile; fileRef = 708F43212901B45E000AAB59 /* InnerShadowModifier.swift */; };
/* End PBXBuildFile section */

/* Begin PBXFileReference section */
		708F42F529015766000AAB59 /* Weather.app */ = {isa = PBXFileReference; explicitFileType = wrapper.application; includeInIndex = 0; path = Weather.app; sourceTree = BUILT_PRODUCTS_DIR; };
		708F42F829015766000AAB59 /* WeatherApp.swift */ = {isa = PBXFileReference; lastKnownFileType = sourcecode.swift; path = WeatherApp.swift; sourceTree = "<group>"; };
		708F42FA29015766000AAB59 /* ContentView.swift */ = {isa = PBXFileReference; lastKnownFileType = sourcecode.swift; path = ContentView.swift; sourceTree = "<group>"; };
		708F42FC29015767000AAB59 /* Assets.xcassets */ = {isa = PBXFileReference; lastKnownFileType = folder.assetcatalog; path = Assets.xcassets; sourceTree = "<group>"; };
		708F42FF29015767000AAB59 /* Preview Assets.xcassets */ = {isa = PBXFileReference; lastKnownFileType = folder.assetcatalog; path = "Preview Assets.xcassets"; sourceTree = "<group>"; };
		708F430D290163D5000AAB59 /* Extensions.swift */ = {isa = PBXFileReference; fileEncoding = 4; lastKnownFileType = sourcecode.swift; path = Extensions.swift; sourceTree = "<group>"; };
		708F430F29016494000AAB59 /* HomeView.swift */ = {isa = PBXFileReference; lastKnownFileType = sourcecode.swift; path = HomeView.swift; sourceTree = "<group>"; };
		708F431129017C75000AAB59 /* TabBar.swift */ = {isa = PBXFileReference; lastKnownFileType = sourcecode.swift; path = TabBar.swift; sourceTree = SOURCE_ROOT; };
		708F4313290183ED000AAB59 /* Shapes.swift */ = {isa = PBXFileReference; lastKnownFileType = sourcecode.swift; path = Shapes.swift; sourceTree = SOURCE_ROOT; };
		708F431A29019533000AAB59 /* ForecastView.swift */ = {isa = PBXFileReference; lastKnownFileType = sourcecode.swift; path = ForecastView.swift; sourceTree = SOURCE_ROOT; };
		708F431C29019A0C000AAB59 /* Blur.swift */ = {isa = PBXFileReference; lastKnownFileType = sourcecode.swift; name = Blur.swift; path = Weather/Blur.swift; sourceTree = SOURCE_ROOT; };
		708F431F29019ECF000AAB59 /* BackgroundBlur.swift */ = {isa = PBXFileReference; lastKnownFileType = sourcecode.swift; name = BackgroundBlur.swift; path = Weather/BackgroundBlur.swift; sourceTree = SOURCE_ROOT; };
		708F43212901B45E000AAB59 /* InnerShadowModifier.swift */ = {isa = PBXFileReference; lastKnownFileType = sourcecode.swift; path = InnerShadowModifier.swift; sourceTree = SOURCE_ROOT; };
/* End PBXFileReference section */

/* Begin PBXFrameworksBuildPhase section */
		708F42F229015766000AAB59 /* Frameworks */ = {
			isa = PBXFrameworksBuildPhase;
			buildActionMask = 2147483647;
			files = (
				708F431729018B3E000AAB59 /* BottomSheet in Frameworks */,
			);
			runOnlyForDeploymentPostprocessing = 0;
		};
/* End PBXFrameworksBuildPhase section */

/* Begin PBXGroup section */
		708F42EC29015766000AAB59 = {
			isa = PBXGroup;
			children = (
				708F42F729015766000AAB59 /* Weather */,
				708F42F629015766000AAB59 /* Products */,
			);
			sourceTree = "<group>";
		};
		708F42F629015766000AAB59 /* Products */ = {
			isa = PBXGroup;
			children = (
				708F42F529015766000AAB59 /* Weather.app */,
			);
			name = Products;
			sourceTree = "<group>";
		};
		708F42F729015766000AAB59 /* Weather */ = {
			isa = PBXGroup;
			children = (
				708F42F829015766000AAB59 /* WeatherApp.swift */,
				708F4306290162F6000AAB59 /* View */,
				708F4307290162FB000AAB59 /* Model */,
				708F430829016302000AAB59 /* Utils */,
				708F42FC29015767000AAB59 /* Assets.xcassets */,
				708F42FE29015767000AAB59 /* Preview Content */,
			);
			path = Weather;
			sourceTree = "<group>";
		};
		708F42FE29015767000AAB59 /* Preview Content */ = {
			isa = PBXGroup;
			children = (
				708F42FF29015767000AAB59 /* Preview Assets.xcassets */,
			);
			path = "Preview Content";
			sourceTree = "<group>";
		};
		708F4306290162F6000AAB59 /* View */ = {
			isa = PBXGroup;
			children = (
				708F43092901630C000AAB59 /* Main */,
				708F430A29016313000AAB59 /* Navigation */,
				708F430B2901631B000AAB59 /* Detail */,
				708F430C29016323000AAB59 /* Component */,
				708F431E29019E8A000AAB59 /* Modifier */,
			);
			path = View;
			sourceTree = "<group>";
		};
		708F4307290162FB000AAB59 /* Model */ = {
			isa = PBXGroup;
			children = (
			);
			path = Model;
			sourceTree = "<group>";
		};
		708F430829016302000AAB59 /* Utils */ = {
			isa = PBXGroup;
			children = (
				708F4313290183ED000AAB59 /* Shapes.swift */,
				708F430D290163D5000AAB59 /* Extensions.swift */,
			);
			path = Utils;
			sourceTree = "<group>";
		};
		708F43092901630C000AAB59 /* Main */ = {
			isa = PBXGroup;
			children = (
				708F430F29016494000AAB59 /* HomeView.swift */,
				708F42FA29015766000AAB59 /* ContentView.swift */,
			);
			path = Main;
			sourceTree = "<group>";
		};
		708F430A29016313000AAB59 /* Navigation */ = {
			isa = PBXGroup;
			children = (
				708F431129017C75000AAB59 /* TabBar.swift */,
			);
			path = Navigation;
			sourceTree = "<group>";
		};
		708F430B2901631B000AAB59 /* Detail */ = {
			isa = PBXGroup;
			children = (
				708F431A29019533000AAB59 /* ForecastView.swift */,
			);
			path = Detail;
			sourceTree = "<group>";
		};
		708F430C29016323000AAB59 /* Component */ = {
			isa = PBXGroup;
			children = (
				708F431C29019A0C000AAB59 /* Blur.swift */,
			);
			path = Component;
			sourceTree = "<group>";
		};
		708F431E29019E8A000AAB59 /* Modifier */ = {
			isa = PBXGroup;
			children = (
				708F431F29019ECF000AAB59 /* BackgroundBlur.swift */,
				708F43212901B45E000AAB59 /* InnerShadowModifier.swift */,
			);
			path = Modifier;
			sourceTree = "<group>";
		};
/* End PBXGroup section */

/* Begin PBXNativeTarget section */
		708F42F429015766000AAB59 /* Weather */ = {
			isa = PBXNativeTarget;
			buildConfigurationList = 708F430329015767000AAB59 /* Build configuration list for PBXNativeTarget "Weather" */;
			buildPhases = (
				708F42F129015766000AAB59 /* Sources */,
				708F42F229015766000AAB59 /* Frameworks */,
				708F42F329015766000AAB59 /* Resources */,
			);
			buildRules = (
			);
			dependencies = (
			);
			name = Weather;
			packageProductDependencies = (
				708F431629018B3E000AAB59 /* BottomSheet */,
			);
			productName = Weather;
			productReference = 708F42F529015766000AAB59 /* Weather.app */;
			productType = "com.apple.product-type.application";
		};
/* End PBXNativeTarget section */

/* Begin PBXProject section */
		708F42ED29015766000AAB59 /* Project object */ = {
			isa = PBXProject;
			attributes = {
				BuildIndependentTargetsInParallel = 1;
				LastSwiftUpdateCheck = 1400;
				LastUpgradeCheck = 1400;
				TargetAttributes = {
					708F42F429015766000AAB59 = {
						CreatedOnToolsVersion = 14.0;
					};
				};
			};
			buildConfigurationList = 708F42F029015766000AAB59 /* Build configuration list for PBXProject "Weather" */;
			compatibilityVersion = "Xcode 14.0";
			developmentRegion = en;
			hasScannedForEncodings = 0;
			knownRegions = (
				en,
				Base,
			);
			mainGroup = 708F42EC29015766000AAB59;
			packageReferences = (
				708F431529018B3E000AAB59 /* XCRemoteSwiftPackageReference "BottomSheet" */,
			);
			productRefGroup = 708F42F629015766000AAB59 /* Products */;
			projectDirPath = "";
			projectRoot = "";
			targets = (
				708F42F429015766000AAB59 /* Weather */,
			);
		};
/* End PBXProject section */

/* Begin PBXResourcesBuildPhase section */
		708F42F329015766000AAB59 /* Resources */ = {
			isa = PBXResourcesBuildPhase;
			buildActionMask = 2147483647;
			files = (
				708F430029015767000AAB59 /* Preview Assets.xcassets in Resources */,
				708F42FD29015767000AAB59 /* Assets.xcassets in Resources */,
			);
			runOnlyForDeploymentPostprocessing = 0;
		};
/* End PBXResourcesBuildPhase section */

/* Begin PBXSourcesBuildPhase section */
		708F42F129015766000AAB59 /* Sources */ = {
			isa = PBXSourcesBuildPhase;
			buildActionMask = 2147483647;
			files = (
				708F42FB29015766000AAB59 /* ContentView.swift in Sources */,
				708F432029019ECF000AAB59 /* BackgroundBlur.swift in Sources */,
				708F431029016494000AAB59 /* HomeView.swift in Sources */,
				708F431D29019A0C000AAB59 /* Blur.swift in Sources */,
				708F430E290163D5000AAB59 /* Extensions.swift in Sources */,
				708F42F929015766000AAB59 /* WeatherApp.swift in Sources */,
				708F431B29019533000AAB59 /* ForecastView.swift in Sources */,
				708F43222901B45E000AAB59 /* InnerShadowModifier.swift in Sources */,
				708F431229017C75000AAB59 /* TabBar.swift in Sources */,
				708F4314290183ED000AAB59 /* Shapes.swift in Sources */,
			);
			runOnlyForDeploymentPostprocessing = 0;
		};
/* End PBXSourcesBuildPhase section */

/* Begin XCBuildConfiguration section */
		708F430129015767000AAB59 /* Debug */ = {
			isa = XCBuildConfiguration;
			buildSettings = {
				ALWAYS_SEARCH_USER_PATHS = NO;
				CLANG_ANALYZER_NONNULL = YES;
				CLANG_ANALYZER_NUMBER_OBJECT_CONVERSION = YES_AGGRESSIVE;
				CLANG_CXX_LANGUAGE_STANDARD = "gnu++20";
				CLANG_ENABLE_MODULES = YES;
				CLANG_ENABLE_OBJC_ARC = YES;
				CLANG_ENABLE_OBJC_WEAK = YES;
				CLANG_WARN_BLOCK_CAPTURE_AUTORELEASING = YES;
				CLANG_WARN_BOOL_CONVERSION = YES;
				CLANG_WARN_COMMA = YES;
				CLANG_WARN_CONSTANT_CONVERSION = YES;
				CLANG_WARN_DEPRECATED_OBJC_IMPLEMENTATIONS = YES;
				CLANG_WARN_DIRECT_OBJC_ISA_USAGE = YES_ERROR;
				CLANG_WARN_DOCUMENTATION_COMMENTS = YES;
				CLANG_WARN_EMPTY_BODY = YES;
				CLANG_WARN_ENUM_CONVERSION = YES;
				CLANG_WARN_INFINITE_RECURSION = YES;
				CLANG_WARN_INT_CONVERSION = YES;
				CLANG_WARN_NON_LITERAL_NULL_CONVERSION = YES;
				CLANG_WARN_OBJC_IMPLICIT_RETAIN_SELF = YES;
				CLANG_WARN_OBJC_LITERAL_CONVERSION = YES;
				CLANG_WARN_OBJC_ROOT_CLASS = YES_ERROR;
				CLANG_WARN_QUOTED_INCLUDE_IN_FRAMEWORK_HEADER = YES;
				CLANG_WARN_RANGE_LOOP_ANALYSIS = YES;
				CLANG_WARN_STRICT_PROTOTYPES = YES;
				CLANG_WARN_SUSPICIOUS_MOVE = YES;
				CLANG_WARN_UNGUARDED_AVAILABILITY = YES_AGGRESSIVE;
				CLANG_WARN_UNREACHABLE_CODE = YES;
				CLANG_WARN__DUPLICATE_METHOD_MATCH = YES;
				COPY_PHASE_STRIP = NO;
				DEBUG_INFORMATION_FORMAT = dwarf;
				ENABLE_STRICT_OBJC_MSGSEND = YES;
				ENABLE_TESTABILITY = YES;
				GCC_C_LANGUAGE_STANDARD = gnu11;
				GCC_DYNAMIC_NO_PIC = NO;
				GCC_NO_COMMON_BLOCKS = YES;
				GCC_OPTIMIZATION_LEVEL = 0;
				GCC_PREPROCESSOR_DEFINITIONS = (
					"DEBUG=1",
					"$(inherited)",
				);
				GCC_WARN_64_TO_32_BIT_CONVERSION = YES;
				GCC_WARN_ABOUT_RETURN_TYPE = YES_ERROR;
				GCC_WARN_UNDECLARED_SELECTOR = YES;
				GCC_WARN_UNINITIALIZED_AUTOS = YES_AGGRESSIVE;
				GCC_WARN_UNUSED_FUNCTION = YES;
				GCC_WARN_UNUSED_VARIABLE = YES;
				IPHONEOS_DEPLOYMENT_TARGET = 16.0;
				MTL_ENABLE_DEBUG_INFO = INCLUDE_SOURCE;
				MTL_FAST_MATH = YES;
				ONLY_ACTIVE_ARCH = YES;
				SDKROOT = iphoneos;
				SWIFT_ACTIVE_COMPILATION_CONDITIONS = DEBUG;
				SWIFT_OPTIMIZATION_LEVEL = "-Onone";
			};
			name = Debug;
		};
		708F430229015767000AAB59 /* Release */ = {
			isa = XCBuildConfiguration;
			buildSettings = {
				ALWAYS_SEARCH_USER_PATHS = NO;
				CLANG_ANALYZER_NONNULL = YES;
				CLANG_ANALYZER_NUMBER_OBJECT_CONVERSION = YES_AGGRESSIVE;
				CLANG_CXX_LANGUAGE_STANDARD = "gnu++20";
				CLANG_ENABLE_MODULES = YES;
				CLANG_ENABLE_OBJC_ARC = YES;
				CLANG_ENABLE_OBJC_WEAK = YES;
				CLANG_WARN_BLOCK_CAPTURE_AUTORELEASING = YES;
				CLANG_WARN_BOOL_CONVERSION = YES;
				CLANG_WARN_COMMA = YES;
				CLANG_WARN_CONSTANT_CONVERSION = YES;
				CLANG_WARN_DEPRECATED_OBJC_IMPLEMENTATIONS = YES;
				CLANG_WARN_DIRECT_OBJC_ISA_USAGE = YES_ERROR;
				CLANG_WARN_DOCUMENTATION_COMMENTS = YES;
				CLANG_WARN_EMPTY_BODY = YES;
				CLANG_WARN_ENUM_CONVERSION = YES;
				CLANG_WARN_INFINITE_RECURSION = YES;
				CLANG_WARN_INT_CONVERSION = YES;
				CLANG_WARN_NON_LITERAL_NULL_CONVERSION = YES;
				CLANG_WARN_OBJC_IMPLICIT_RETAIN_SELF = YES;
				CLANG_WARN_OBJC_LITERAL_CONVERSION = YES;
				CLANG_WARN_OBJC_ROOT_CLASS = YES_ERROR;
				CLANG_WARN_QUOTED_INCLUDE_IN_FRAMEWORK_HEADER = YES;
				CLANG_WARN_RANGE_LOOP_ANALYSIS = YES;
				CLANG_WARN_STRICT_PROTOTYPES = YES;
				CLANG_WARN_SUSPICIOUS_MOVE = YES;
				CLANG_WARN_UNGUARDED_AVAILABILITY = YES_AGGRESSIVE;
				CLANG_WARN_UNREACHABLE_CODE = YES;
				CLANG_WARN__DUPLICATE_METHOD_MATCH = YES;
				COPY_PHASE_STRIP = NO;
				DEBUG_INFORMATION_FORMAT = "dwarf-with-dsym";
				ENABLE_NS_ASSERTIONS = NO;
				ENABLE_STRICT_OBJC_MSGSEND = YES;
				GCC_C_LANGUAGE_STANDARD = gnu11;
				GCC_NO_COMMON_BLOCKS = YES;
				GCC_WARN_64_TO_32_BIT_CONVERSION = YES;
				GCC_WARN_ABOUT_RETURN_TYPE = YES_ERROR;
				GCC_WARN_UNDECLARED_SELECTOR = YES;
				GCC_WARN_UNINITIALIZED_AUTOS = YES_AGGRESSIVE;
				GCC_WARN_UNUSED_FUNCTION = YES;
				GCC_WARN_UNUSED_VARIABLE = YES;
				IPHONEOS_DEPLOYMENT_TARGET = 16.0;
				MTL_ENABLE_DEBUG_INFO = NO;
				MTL_FAST_MATH = YES;
				SDKROOT = iphoneos;
				SWIFT_COMPILATION_MODE = wholemodule;
				SWIFT_OPTIMIZATION_LEVEL = "-O";
				VALIDATE_PRODUCT = YES;
			};
			name = Release;
		};
		708F430429015767000AAB59 /* Debug */ = {
			isa = XCBuildConfiguration;
			buildSettings = {
				ASSETCATALOG_COMPILER_APPICON_NAME = AppIcon;
				ASSETCATALOG_COMPILER_GLOBAL_ACCENT_COLOR_NAME = AccentColor;
				CODE_SIGN_STYLE = Automatic;
				CURRENT_PROJECT_VERSION = 1;
				DEVELOPMENT_ASSET_PATHS = "\"Weather/Preview Content\"";
				DEVELOPMENT_TEAM = QHNPMJ7882;
				ENABLE_PREVIEWS = YES;
				GENERATE_INFOPLIST_FILE = YES;
				INFOPLIST_KEY_UIApplicationSceneManifest_Generation = YES;
				INFOPLIST_KEY_UIApplicationSupportsIndirectInputEvents = YES;
				INFOPLIST_KEY_UILaunchScreen_Generation = YES;
				INFOPLIST_KEY_UISupportedInterfaceOrientations_iPad = "UIInterfaceOrientationPortrait UIInterfaceOrientationPortraitUpsideDown UIInterfaceOrientationLandscapeLeft UIInterfaceOrientationLandscapeRight";
				INFOPLIST_KEY_UISupportedInterfaceOrientations_iPhone = "UIInterfaceOrientationPortrait UIInterfaceOrientationLandscapeLeft UIInterfaceOrientationLandscapeRight";
				LD_RUNPATH_SEARCH_PATHS = (
					"$(inherited)",
					"@executable_path/Frameworks",
				);
				MARKETING_VERSION = 1.0;
				PRODUCT_BUNDLE_IDENTIFIER = inheo.Weather;
				PRODUCT_NAME = "$(TARGET_NAME)";
				SWIFT_EMIT_LOC_STRINGS = YES;
				SWIFT_VERSION = 5.0;
				TARGETED_DEVICE_FAMILY = "1,2";
			};
			name = Debug;
		};
		708F430529015767000AAB59 /* Release */ = {
			isa = XCBuildConfiguration;
			buildSettings = {
				ASSETCATALOG_COMPILER_APPICON_NAME = AppIcon;
				ASSETCATALOG_COMPILER_GLOBAL_ACCENT_COLOR_NAME = AccentColor;
				CODE_SIGN_STYLE = Automatic;
				CURRENT_PROJECT_VERSION = 1;
				DEVELOPMENT_ASSET_PATHS = "\"Weather/Preview Content\"";
				DEVELOPMENT_TEAM = QHNPMJ7882;
				ENABLE_PREVIEWS = YES;
				GENERATE_INFOPLIST_FILE = YES;
				INFOPLIST_KEY_UIApplicationSceneManifest_Generation = YES;
				INFOPLIST_KEY_UIApplicationSupportsIndirectInputEvents = YES;
				INFOPLIST_KEY_UILaunchScreen_Generation = YES;
				INFOPLIST_KEY_UISupportedInterfaceOrientations_iPad = "UIInterfaceOrientationPortrait UIInterfaceOrientationPortraitUpsideDown UIInterfaceOrientationLandscapeLeft UIInterfaceOrientationLandscapeRight";
				INFOPLIST_KEY_UISupportedInterfaceOrientations_iPhone = "UIInterfaceOrientationPortrait UIInterfaceOrientationLandscapeLeft UIInterfaceOrientationLandscapeRight";
				LD_RUNPATH_SEARCH_PATHS = (
					"$(inherited)",
					"@executable_path/Frameworks",
				);
				MARKETING_VERSION = 1.0;
				PRODUCT_BUNDLE_IDENTIFIER = inheo.Weather;
				PRODUCT_NAME = "$(TARGET_NAME)";
				SWIFT_EMIT_LOC_STRINGS = YES;
				SWIFT_VERSION = 5.0;
				TARGETED_DEVICE_FAMILY = "1,2";
			};
			name = Release;
		};
/* End XCBuildConfiguration section */

/* Begin XCConfigurationList section */
		708F42F029015766000AAB59 /* Build configuration list for PBXProject "Weather" */ = {
			isa = XCConfigurationList;
			buildConfigurations = (
				708F430129015767000AAB59 /* Debug */,
				708F430229015767000AAB59 /* Release */,
			);
			defaultConfigurationIsVisible = 0;
			defaultConfigurationName = Release;
		};
		708F430329015767000AAB59 /* Build configuration list for PBXNativeTarget "Weather" */ = {
			isa = XCConfigurationList;
			buildConfigurations = (
				708F430429015767000AAB59 /* Debug */,
				708F430529015767000AAB59 /* Release */,
			);
			defaultConfigurationIsVisible = 0;
			defaultConfigurationName = Release;
		};
/* End XCConfigurationList section */

/* Begin XCRemoteSwiftPackageReference section */
		708F431529018B3E000AAB59 /* XCRemoteSwiftPackageReference "BottomSheet" */ = {
			isa = XCRemoteSwiftPackageReference;
			repositoryURL = "https://github.com/Wouter125/BottomSheet";
			requirement = {
				branch = main;
				kind = branch;
			};
		};
/* End XCRemoteSwiftPackageReference section */

/* Begin XCSwiftPackageProductDependency section */
		708F431629018B3E000AAB59 /* BottomSheet */ = {
			isa = XCSwiftPackageProductDependency;
			package = 708F431529018B3E000AAB59 /* XCRemoteSwiftPackageReference "BottomSheet" */;
			productName = BottomSheet;
		};
/* End XCSwiftPackageProductDependency section */
	};
	rootObject = 708F42ED29015766000AAB59 /* Project object */;
}
